
Microsoft Visual Studio Solution File, Format Version 12.00
# Visual Studio Version 16
VisualStudioVersion = 16.0.28621.142
MinimumVisualStudioVersion = 10.0.40219.1
Project("{9A19103F-16F7-4668-BE54-9A1E7A4F7556}") = "Replay", "Replay\Replay.csproj", "{ADB57CC9-3347-486B-B965-E45825D79F6C}"
EndProject
Project("{9A19103F-16F7-4668-BE54-9A1E7A4F7556}") = "Replay.Tests", "Replay.Tests\Replay.Tests.csproj", "{2DA42A03-FFC8-4302-85EC-CD7CACF72F79}"
EndProject
Project("{FAE04EC0-301F-11D3-BF4B-00C04F79EFBC}") = "Replay.Services", "Replay.Services\Replay.Services.csproj", "{9FB703EB-85E6-4606-A55D-4F2598424413}"
EndProject
Global
	GlobalSection(SolutionConfigurationPlatforms) = preSolution
		Debug|Any CPU = Debug|Any CPU
		Release|Any CPU = Release|Any CPU
	EndGlobalSection
	GlobalSection(ProjectConfigurationPlatforms) = postSolution
		{ADB57CC9-3347-486B-B965-E45825D79F6C}.Debug|Any CPU.ActiveCfg = Debug|Any CPU
		{ADB57CC9-3347-486B-B965-E45825D79F6C}.Debug|Any CPU.Build.0 = Debug|Any CPU
		{ADB57CC9-3347-486B-B965-E45825D79F6C}.Release|Any CPU.ActiveCfg = Release|Any CPU
		{ADB57CC9-3347-486B-B965-E45825D79F6C}.Release|Any CPU.Build.0 = Release|Any CPU
		{2DA42A03-FFC8-4302-85EC-CD7CACF72F79}.Debug|Any CPU.ActiveCfg = Debug|Any CPU
		{2DA42A03-FFC8-4302-85EC-CD7CACF72F79}.Debug|Any CPU.Build.0 = Debug|Any CPU
		{2DA42A03-FFC8-4302-85EC-CD7CACF72F79}.Release|Any CPU.ActiveCfg = Release|Any CPU
		{2DA42A03-FFC8-4302-85EC-CD7CACF72F79}.Release|Any CPU.Build.0 = Release|Any CPU
		{9FB703EB-85E6-4606-A55D-4F2598424413}.Debug|Any CPU.ActiveCfg = Debug|Any CPU
		{9FB703EB-85E6-4606-A55D-4F2598424413}.Debug|Any CPU.Build.0 = Debug|Any CPU
		{9FB703EB-85E6-4606-A55D-4F2598424413}.Release|Any CPU.ActiveCfg = Release|Any CPU
		{9FB703EB-85E6-4606-A55D-4F2598424413}.Release|Any CPU.Build.0 = Release|Any CPU
	EndGlobalSection
	GlobalSection(SolutionProperties) = preSolution
		HideSolutionNode = FALSE
	EndGlobalSection
	GlobalSection(ExtensibilityGlobals) = postSolution
		SolutionGuid = {2813A32D-B822-443B-9BC0-2DD87BEE4D1C}
	EndGlobalSection
EndGlobal
